
Microsoft Visual Studio Solution File, Format Version 12.00
# Visual Studio Version 17
VisualStudioVersion = 17.0.31903.59
MinimumVisualStudioVersion = 10.0.40219.1
Project("{FAE04EC0-301F-11D3-BF4B-00C04F79EFBC}") = "XamarinPaginas.Android", "XamarinPaginas\XamarinPaginas.Android\XamarinPaginas.Android.csproj", "{727F4835-9782-4CDE-B210-D2EEAA680171}"
EndProject
Project("{FAE04EC0-301F-11D3-BF4B-00C04F79EFBC}") = "XamarinPaginas.iOS", "XamarinPaginas\XamarinPaginas.iOS\XamarinPaginas.iOS.csproj", "{B4CC250A-FD38-450A-BFF9-32AE7A4C8960}"
EndProject
Project("{FAE04EC0-301F-11D3-BF4B-00C04F79EFBC}") = "XamarinPaginas", "XamarinPaginas\XamarinPaginas\XamarinPaginas.csproj", "{8D6ED769-03FE-4F74-AFB4-22A9AA8C959A}"
EndProject
Global
	GlobalSection(SolutionConfigurationPlatforms) = preSolution
		Debug|Any CPU = Debug|Any CPU
		Debug|iPhone = Debug|iPhone
		Debug|iPhoneSimulator = Debug|iPhoneSimulator
		Release|Any CPU = Release|Any CPU
		Release|iPhone = Release|iPhone
		Release|iPhoneSimulator = Release|iPhoneSimulator
	EndGlobalSection
	GlobalSection(ProjectConfigurationPlatforms) = postSolution
		{727F4835-9782-4CDE-B210-D2EEAA680171}.Debug|Any CPU.ActiveCfg = Debug|Any CPU
		{727F4835-9782-4CDE-B210-D2EEAA680171}.Debug|Any CPU.Build.0 = Debug|Any CPU
		{727F4835-9782-4CDE-B210-D2EEAA680171}.Debug|Any CPU.Deploy.0 = Debug|Any CPU
		{727F4835-9782-4CDE-B210-D2EEAA680171}.Debug|iPhone.ActiveCfg = Debug|Any CPU
		{727F4835-9782-4CDE-B210-D2EEAA680171}.Debug|iPhone.Build.0 = Debug|Any CPU
		{727F4835-9782-4CDE-B210-D2EEAA680171}.Debug|iPhone.Deploy.0 = Debug|Any CPU
		{727F4835-9782-4CDE-B210-D2EEAA680171}.Debug|iPhoneSimulator.ActiveCfg = Debug|Any CPU
		{727F4835-9782-4CDE-B210-D2EEAA680171}.Debug|iPhoneSimulator.Build.0 = Debug|Any CPU
		{727F4835-9782-4CDE-B210-D2EEAA680171}.Debug|iPhoneSimulator.Deploy.0 = Debug|Any CPU
		{727F4835-9782-4CDE-B210-D2EEAA680171}.Release|Any CPU.ActiveCfg = Release|Any CPU
		{727F4835-9782-4CDE-B210-D2EEAA680171}.Release|Any CPU.Build.0 = Release|Any CPU
		{727F4835-9782-4CDE-B210-D2EEAA680171}.Release|Any CPU.Deploy.0 = Release|Any CPU
		{727F4835-9782-4CDE-B210-D2EEAA680171}.Release|iPhone.ActiveCfg = Release|Any CPU
		{727F4835-9782-4CDE-B210-D2EEAA680171}.Release|iPhone.Build.0 = Release|Any CPU
		{727F4835-9782-4CDE-B210-D2EEAA680171}.Release|iPhone.Deploy.0 = Release|Any CPU
		{727F4835-9782-4CDE-B210-D2EEAA680171}.Release|iPhoneSimulator.ActiveCfg = Release|Any CPU
		{727F4835-9782-4CDE-B210-D2EEAA680171}.Release|iPhoneSimulator.Build.0 = Release|Any CPU
		{727F4835-9782-4CDE-B210-D2EEAA680171}.Release|iPhoneSimulator.Deploy.0 = Release|Any CPU
		{B4CC250A-FD38-450A-BFF9-32AE7A4C8960}.Debug|Any CPU.ActiveCfg = Debug|iPhone
		{B4CC250A-FD38-450A-BFF9-32AE7A4C8960}.Debug|Any CPU.Build.0 = Debug|iPhone
		{B4CC250A-FD38-450A-BFF9-32AE7A4C8960}.Debug|Any CPU.Deploy.0 = Debug|iPhone
		{B4CC250A-FD38-450A-BFF9-32AE7A4C8960}.Debug|iPhone.ActiveCfg = Debug|iPhone
		{B4CC250A-FD38-450A-BFF9-32AE7A4C8960}.Debug|iPhone.Build.0 = Debug|iPhone
		{B4CC250A-FD38-450A-BFF9-32AE7A4C8960}.Debug|iPhone.Deploy.0 = Debug|iPhone
		{B4CC250A-FD38-450A-BFF9-32AE7A4C8960}.Debug|iPhoneSimulator.ActiveCfg = Debug|iPhoneSimulator
		{B4CC250A-FD38-450A-BFF9-32AE7A4C8960}.Debug|iPhoneSimulator.Build.0 = Debug|iPhoneSimulator
		{B4CC250A-FD38-450A-BFF9-32AE7A4C8960}.Debug|iPhoneSimulator.Deploy.0 = Debug|iPhoneSimulator
		{B4CC250A-FD38-450A-BFF9-32AE7A4C8960}.Release|Any CPU.ActiveCfg = Release|iPhoneSimulator
		{B4CC250A-FD38-450A-BFF9-32AE7A4C8960}.Release|Any CPU.Build.0 = Release|iPhoneSimulator
		{B4CC250A-FD38-450A-BFF9-32AE7A4C8960}.Release|Any CPU.Deploy.0 = Release|iPhoneSimulator
		{B4CC250A-FD38-450A-BFF9-32AE7A4C8960}.Release|iPhone.ActiveCfg = Release|iPhone
		{B4CC250A-FD38-450A-BFF9-32AE7A4C8960}.Release|iPhone.Build.0 = Release|iPhone
		{B4CC250A-FD38-450A-BFF9-32AE7A4C8960}.Release|iPhone.Deploy.0 = Release|iPhone
		{B4CC250A-FD38-450A-BFF9-32AE7A4C8960}.Release|iPhoneSimulator.ActiveCfg = Release|iPhoneSimulator
		{B4CC250A-FD38-450A-BFF9-32AE7A4C8960}.Release|iPhoneSimulator.Build.0 = Release|iPhoneSimulator
		{B4CC250A-FD38-450A-BFF9-32AE7A4C8960}.Release|iPhoneSimulator.Deploy.0 = Release|iPhoneSimulator
		{8D6ED769-03FE-4F74-AFB4-22A9AA8C959A}.Debug|Any CPU.ActiveCfg = Debug|Any CPU
		{8D6ED769-03FE-4F74-AFB4-22A9AA8C959A}.Debug|Any CPU.Build.0 = Debug|Any CPU
		{8D6ED769-03FE-4F74-AFB4-22A9AA8C959A}.Debug|Any CPU.Deploy.0 = Debug|Any CPU
		{8D6ED769-03FE-4F74-AFB4-22A9AA8C959A}.Debug|iPhone.ActiveCfg = Debug|Any CPU
		{8D6ED769-03FE-4F74-AFB4-22A9AA8C959A}.Debug|iPhone.Build.0 = Debug|Any CPU
		{8D6ED769-03FE-4F74-AFB4-22A9AA8C959A}.Debug|iPhone.Deploy.0 = Debug|Any CPU
		{8D6ED769-03FE-4F74-AFB4-22A9AA8C959A}.Debug|iPhoneSimulator.ActiveCfg = Debug|Any CPU
		{8D6ED769-03FE-4F74-AFB4-22A9AA8C959A}.Debug|iPhoneSimulator.Build.0 = Debug|Any CPU
		{8D6ED769-03FE-4F74-AFB4-22A9AA8C959A}.Debug|iPhoneSimulator.Deploy.0 = Debug|Any CPU
		{8D6ED769-03FE-4F74-AFB4-22A9AA8C959A}.Release|Any CPU.ActiveCfg = Release|Any CPU
		{8D6ED769-03FE-4F74-AFB4-22A9AA8C959A}.Release|Any CPU.Build.0 = Release|Any CPU
		{8D6ED769-03FE-4F74-AFB4-22A9AA8C959A}.Release|Any CPU.Deploy.0 = Release|Any CPU
		{8D6ED769-03FE-4F74-AFB4-22A9AA8C959A}.Release|iPhone.ActiveCfg = Release|Any CPU
		{8D6ED769-03FE-4F74-AFB4-22A9AA8C959A}.Release|iPhone.Build.0 = Release|Any CPU
		{8D6ED769-03FE-4F74-AFB4-22A9AA8C959A}.Release|iPhone.Deploy.0 = Release|Any CPU
		{8D6ED769-03FE-4F74-AFB4-22A9AA8C959A}.Release|iPhoneSimulator.ActiveCfg = Release|Any CPU
		{8D6ED769-03FE-4F74-AFB4-22A9AA8C959A}.Release|iPhoneSimulator.Build.0 = Release|Any CPU
		{8D6ED769-03FE-4F74-AFB4-22A9AA8C959A}.Release|iPhoneSimulator.Deploy.0 = Release|Any CPU
	EndGlobalSection
	GlobalSection(SolutionProperties) = preSolution
		HideSolutionNode = FALSE
	EndGlobalSection
	GlobalSection(ExtensibilityGlobals) = postSolution
		SolutionGuid = {20EE6280-44B0-4355-B9FA-72BCE5F8D43D}
	EndGlobalSection
EndGlobal
